
Microsoft Visual Studio Solution File, Format Version 12.00
# Visual Studio Version 17
VisualStudioVersion = 17.10.34928.147
MinimumVisualStudioVersion = 10.0.40219.1
Project("{8BC9CEB8-8B4A-11D0-8D11-00A0C91BC942}") = "PrimeFactorProject", "PrimeFactorProject\PrimeFactorProject.vcxproj", "{A0D2C201-FEAA-460A-9B65-FC191E2886E5}"
EndProject
Project("{8BC9CEB8-8B4A-11D0-8D11-00A0C91BC942}") = "Testable", "Testable\Testable.vcxproj", "{DA1D97F7-1F14-438E-9ECB-B4CE210830ED}"
EndProject
Project("{2150E333-8FDC-42A3-9474-1A3956D46DE8}") = "솔루션 항목", "솔루션 항목", "{AA8E1FCF-94AA-4E6A-8642-8F0806053F2F}"
	ProjectSection(SolutionItems) = preProject
		.editorconfig = .editorconfig
		.gitignore = .gitignore
		README.md = README.md
	EndProjectSection
EndProject
Global
	GlobalSection(SolutionConfigurationPlatforms) = preSolution
		Debug|x64 = Debug|x64
		Debug|x86 = Debug|x86
		Release|x64 = Release|x64
		Release|x86 = Release|x86
	EndGlobalSection
	GlobalSection(ProjectConfigurationPlatforms) = postSolution
		{A0D2C201-FEAA-460A-9B65-FC191E2886E5}.Debug|x64.ActiveCfg = Debug|x64
		{A0D2C201-FEAA-460A-9B65-FC191E2886E5}.Debug|x64.Build.0 = Debug|x64
		{A0D2C201-FEAA-460A-9B65-FC191E2886E5}.Debug|x86.ActiveCfg = Debug|Win32
		{A0D2C201-FEAA-460A-9B65-FC191E2886E5}.Debug|x86.Build.0 = Debug|Win32
		{A0D2C201-FEAA-460A-9B65-FC191E2886E5}.Release|x64.ActiveCfg = Release|x64
		{A0D2C201-FEAA-460A-9B65-FC191E2886E5}.Release|x64.Build.0 = Release|x64
		{A0D2C201-FEAA-460A-9B65-FC191E2886E5}.Release|x86.ActiveCfg = Release|Win32
		{A0D2C201-FEAA-460A-9B65-FC191E2886E5}.Release|x86.Build.0 = Release|Win32
		{DA1D97F7-1F14-438E-9ECB-B4CE210830ED}.Debug|x64.ActiveCfg = Debug|x64
		{DA1D97F7-1F14-438E-9ECB-B4CE210830ED}.Debug|x64.Build.0 = Debug|x64
		{DA1D97F7-1F14-438E-9ECB-B4CE210830ED}.Debug|x86.ActiveCfg = Debug|Win32
		{DA1D97F7-1F14-438E-9ECB-B4CE210830ED}.Debug|x86.Build.0 = Debug|Win32
		{DA1D97F7-1F14-438E-9ECB-B4CE210830ED}.Release|x64.ActiveCfg = Release|x64
		{DA1D97F7-1F14-438E-9ECB-B4CE210830ED}.Release|x64.Build.0 = Release|x64
		{DA1D97F7-1F14-438E-9ECB-B4CE210830ED}.Release|x86.ActiveCfg = Release|Win32
		{DA1D97F7-1F14-438E-9ECB-B4CE210830ED}.Release|x86.Build.0 = Release|Win32
	EndGlobalSection
	GlobalSection(SolutionProperties) = preSolution
		HideSolutionNode = FALSE
	EndGlobalSection
	GlobalSection(ExtensibilityGlobals) = postSolution
		SolutionGuid = {020721D3-BD3F-4EB0-A302-8816003D7BDB}
	EndGlobalSection
EndGlobal
